
Microsoft Visual Studio Solution File, Format Version 12.00
# Visual Studio Version 17
VisualStudioVersion = 17.5.33103.201
MinimumVisualStudioVersion = 10.0.40219.1
Project("{FAE04EC0-301F-11D3-BF4B-00C04F79EFBC}") = "Homework", "Homework\Homework.csproj", "{31D85CD0-BD76-4F73-AAD8-E92AE0C444FD}"
EndProject
Project("{FAE04EC0-301F-11D3-BF4B-00C04F79EFBC}") = "Array", "Array\Array.csproj", "{511B9997-A9C0-4F6E-9F49-5F394C5B28D0}"
EndProject
Global
	GlobalSection(SolutionConfigurationPlatforms) = preSolution
		Debug|Any CPU = Debug|Any CPU
		Release|Any CPU = Release|Any CPU
	EndGlobalSection
	GlobalSection(ProjectConfigurationPlatforms) = postSolution
		{31D85CD0-BD76-4F73-AAD8-E92AE0C444FD}.Debug|Any CPU.ActiveCfg = Debug|Any CPU
		{31D85CD0-BD76-4F73-AAD8-E92AE0C444FD}.Debug|Any CPU.Build.0 = Debug|Any CPU
		{31D85CD0-BD76-4F73-AAD8-E92AE0C444FD}.Release|Any CPU.ActiveCfg = Release|Any CPU
		{31D85CD0-BD76-4F73-AAD8-E92AE0C444FD}.Release|Any CPU.Build.0 = Release|Any CPU
		{511B9997-A9C0-4F6E-9F49-5F394C5B28D0}.Debug|Any CPU.ActiveCfg = Debug|Any CPU
		{511B9997-A9C0-4F6E-9F49-5F394C5B28D0}.Debug|Any CPU.Build.0 = Debug|Any CPU
		{511B9997-A9C0-4F6E-9F49-5F394C5B28D0}.Release|Any CPU.ActiveCfg = Release|Any CPU
		{511B9997-A9C0-4F6E-9F49-5F394C5B28D0}.Release|Any CPU.Build.0 = Release|Any CPU
	EndGlobalSection
	GlobalSection(SolutionProperties) = preSolution
		HideSolutionNode = FALSE
	EndGlobalSection
	GlobalSection(ExtensibilityGlobals) = postSolution
		SolutionGuid = {FB388929-7BC2-4E20-9529-81DD4DEB6589}
	EndGlobalSection
EndGlobal
